
Microsoft Visual Studio Solution File, Format Version 12.00
# Visual Studio 15
VisualStudioVersion = 15.0.27130.2020
MinimumVisualStudioVersion = 10.0.40219.1
Project("{9A19103F-16F7-4668-BE54-9A1E7A4F7556}") = "XDT.Domain", "XDT.Domain\XDT.Domain.csproj", "{4D23925A-D119-40EF-88B8-035D164853C4}"
EndProject
Project("{9A19103F-16F7-4668-BE54-9A1E7A4F7556}") = "XDT.Infrastructure", "XDT.Infrastructure\XDT.Infrastructure.csproj", "{46E3A398-4D80-45A5-8689-C6C569CFB3F6}"
EndProject
Project("{9A19103F-16F7-4668-BE54-9A1E7A4F7556}") = "XDT.Repositories", "XDT.Repositories\XDT.Repositories.csproj", "{495C76FD-D842-4B91-A5B7-2BFEAF767AB8}"
EndProject
Project("{9A19103F-16F7-4668-BE54-9A1E7A4F7556}") = "XDT.Model", "XDT.Model\XDT.Model.csproj", "{D95CEDED-084F-4114-BCDF-5FDAEEA05474}"
EndProject
Project("{9A19103F-16F7-4668-BE54-9A1E7A4F7556}") = "XDT.Service", "XDT.Service\XDT.Service.csproj", "{F60F7164-1521-4729-A9D1-340B03A02BB1}"
EndProject
Project("{9A19103F-16F7-4668-BE54-9A1E7A4F7556}") = "XDT.Web", "XDT.Web\XDT.Web.csproj", "{1E1E2A48-E443-488F-8C32-ECBF38DB9972}"
EndProject
Project("{9A19103F-16F7-4668-BE54-9A1E7A4F7556}") = "XDT.API.A", "XDT.API.A\XDT.API.A.csproj", "{C7CF74FF-C7AF-499A-B86A-E8851995357A}"
EndProject
Project("{2150E333-8FDC-42A3-9474-1A3956D46DE8}") = "XDT.Job", "XDT.Job", "{49AE1046-345C-43CA-B5DA-29F4B0B093EF}"
EndProject
Project("{FAE04EC0-301F-11D3-BF4B-00C04F79EFBC}") = "XDT.Job.HostApplication", "XDT.Job.HostApplication\XDT.Job.HostApplication.csproj", "{BA46B8D2-0011-44C0-8117-BD303FB01D67}"
EndProject
Project("{FAE04EC0-301F-11D3-BF4B-00C04F79EFBC}") = "XDT.Spider.Jobs", "XDT.Spider.Jobs\XDT.Spider.Jobs.csproj", "{4597F0C3-5F21-4336-9E55-7FF79A728B0C}"
EndProject
Project("{FAE04EC0-301F-11D3-BF4B-00C04F79EFBC}") = "XDT.Job.Service", "XDT.Job.Service\XDT.Job.Service.csproj", "{511E3D93-EBE1-4C06-92C0-4B6B77F75E1C}"
EndProject
Global
	GlobalSection(SolutionConfigurationPlatforms) = preSolution
		Debug|Any CPU = Debug|Any CPU
		Release|Any CPU = Release|Any CPU
	EndGlobalSection
	GlobalSection(ProjectConfigurationPlatforms) = postSolution
		{4D23925A-D119-40EF-88B8-035D164853C4}.Debug|Any CPU.ActiveCfg = Debug|Any CPU
		{4D23925A-D119-40EF-88B8-035D164853C4}.Debug|Any CPU.Build.0 = Debug|Any CPU
		{4D23925A-D119-40EF-88B8-035D164853C4}.Release|Any CPU.ActiveCfg = Release|Any CPU
		{4D23925A-D119-40EF-88B8-035D164853C4}.Release|Any CPU.Build.0 = Release|Any CPU
		{46E3A398-4D80-45A5-8689-C6C569CFB3F6}.Debug|Any CPU.ActiveCfg = Debug|Any CPU
		{46E3A398-4D80-45A5-8689-C6C569CFB3F6}.Debug|Any CPU.Build.0 = Debug|Any CPU
		{46E3A398-4D80-45A5-8689-C6C569CFB3F6}.Release|Any CPU.ActiveCfg = Release|Any CPU
		{46E3A398-4D80-45A5-8689-C6C569CFB3F6}.Release|Any CPU.Build.0 = Release|Any CPU
		{495C76FD-D842-4B91-A5B7-2BFEAF767AB8}.Debug|Any CPU.ActiveCfg = Debug|Any CPU
		{495C76FD-D842-4B91-A5B7-2BFEAF767AB8}.Debug|Any CPU.Build.0 = Debug|Any CPU
		{495C76FD-D842-4B91-A5B7-2BFEAF767AB8}.Release|Any CPU.ActiveCfg = Release|Any CPU
		{495C76FD-D842-4B91-A5B7-2BFEAF767AB8}.Release|Any CPU.Build.0 = Release|Any CPU
		{D95CEDED-084F-4114-BCDF-5FDAEEA05474}.Debug|Any CPU.ActiveCfg = Debug|Any CPU
		{D95CEDED-084F-4114-BCDF-5FDAEEA05474}.Debug|Any CPU.Build.0 = Debug|Any CPU
		{D95CEDED-084F-4114-BCDF-5FDAEEA05474}.Release|Any CPU.ActiveCfg = Release|Any CPU
		{D95CEDED-084F-4114-BCDF-5FDAEEA05474}.Release|Any CPU.Build.0 = Release|Any CPU
		{F60F7164-1521-4729-A9D1-340B03A02BB1}.Debug|Any CPU.ActiveCfg = Debug|Any CPU
		{F60F7164-1521-4729-A9D1-340B03A02BB1}.Debug|Any CPU.Build.0 = Debug|Any CPU
		{F60F7164-1521-4729-A9D1-340B03A02BB1}.Release|Any CPU.ActiveCfg = Release|Any CPU
		{F60F7164-1521-4729-A9D1-340B03A02BB1}.Release|Any CPU.Build.0 = Release|Any CPU
		{1E1E2A48-E443-488F-8C32-ECBF38DB9972}.Debug|Any CPU.ActiveCfg = Debug|Any CPU
		{1E1E2A48-E443-488F-8C32-ECBF38DB9972}.Debug|Any CPU.Build.0 = Debug|Any CPU
		{1E1E2A48-E443-488F-8C32-ECBF38DB9972}.Release|Any CPU.ActiveCfg = Release|Any CPU
		{1E1E2A48-E443-488F-8C32-ECBF38DB9972}.Release|Any CPU.Build.0 = Release|Any CPU
		{C7CF74FF-C7AF-499A-B86A-E8851995357A}.Debug|Any CPU.ActiveCfg = Debug|Any CPU
		{C7CF74FF-C7AF-499A-B86A-E8851995357A}.Debug|Any CPU.Build.0 = Debug|Any CPU
		{C7CF74FF-C7AF-499A-B86A-E8851995357A}.Release|Any CPU.ActiveCfg = Release|Any CPU
		{C7CF74FF-C7AF-499A-B86A-E8851995357A}.Release|Any CPU.Build.0 = Release|Any CPU
		{BA46B8D2-0011-44C0-8117-BD303FB01D67}.Debug|Any CPU.ActiveCfg = Debug|Any CPU
		{BA46B8D2-0011-44C0-8117-BD303FB01D67}.Debug|Any CPU.Build.0 = Debug|Any CPU
		{BA46B8D2-0011-44C0-8117-BD303FB01D67}.Release|Any CPU.ActiveCfg = Release|Any CPU
		{BA46B8D2-0011-44C0-8117-BD303FB01D67}.Release|Any CPU.Build.0 = Release|Any CPU
		{4597F0C3-5F21-4336-9E55-7FF79A728B0C}.Debug|Any CPU.ActiveCfg = Debug|Any CPU
		{4597F0C3-5F21-4336-9E55-7FF79A728B0C}.Debug|Any CPU.Build.0 = Debug|Any CPU
		{4597F0C3-5F21-4336-9E55-7FF79A728B0C}.Release|Any CPU.ActiveCfg = Release|Any CPU
		{4597F0C3-5F21-4336-9E55-7FF79A728B0C}.Release|Any CPU.Build.0 = Release|Any CPU
		{511E3D93-EBE1-4C06-92C0-4B6B77F75E1C}.Debug|Any CPU.ActiveCfg = Debug|Any CPU
		{511E3D93-EBE1-4C06-92C0-4B6B77F75E1C}.Debug|Any CPU.Build.0 = Debug|Any CPU
		{511E3D93-EBE1-4C06-92C0-4B6B77F75E1C}.Release|Any CPU.ActiveCfg = Release|Any CPU
		{511E3D93-EBE1-4C06-92C0-4B6B77F75E1C}.Release|Any CPU.Build.0 = Release|Any CPU
	EndGlobalSection
	GlobalSection(SolutionProperties) = preSolution
		HideSolutionNode = FALSE
	EndGlobalSection
	GlobalSection(NestedProjects) = preSolution
		{BA46B8D2-0011-44C0-8117-BD303FB01D67} = {49AE1046-345C-43CA-B5DA-29F4B0B093EF}
		{4597F0C3-5F21-4336-9E55-7FF79A728B0C} = {49AE1046-345C-43CA-B5DA-29F4B0B093EF}
		{511E3D93-EBE1-4C06-92C0-4B6B77F75E1C} = {49AE1046-345C-43CA-B5DA-29F4B0B093EF}
	EndGlobalSection
	GlobalSection(ExtensibilityGlobals) = postSolution
		SolutionGuid = {5822E0C8-B1E3-471A-B643-7065F54CE5F7}
	EndGlobalSection
EndGlobal
