
Microsoft Visual Studio Solution File, Format Version 12.00
# Visual Studio 15
VisualStudioVersion = 15.0.26430.13
MinimumVisualStudioVersion = 10.0.40219.1
Project("{FAE04EC0-301F-11D3-BF4B-00C04F79EFBC}") = "XDT.Domain", "XDT.Domain\XDT.Domain.csproj", "{4D23925A-D119-40EF-88B8-035D164853C4}"
EndProject
Project("{FAE04EC0-301F-11D3-BF4B-00C04F79EFBC}") = "XDT.Infrastructure", "XDT.Infrastructure\XDT.Infrastructure.csproj", "{46E3A398-4D80-45A5-8689-C6C569CFB3F6}"
EndProject
Project("{FAE04EC0-301F-11D3-BF4B-00C04F79EFBC}") = "XDT.Repositories", "XDT.Repositories\XDT.Repositories.csproj", "{495C76FD-D842-4B91-A5B7-2BFEAF767AB8}"
EndProject
Project("{FAE04EC0-301F-11D3-BF4B-00C04F79EFBC}") = "XDT.Model", "XDT.Model\XDT.Model.csproj", "{D95CEDED-084F-4114-BCDF-5FDAEEA05474}"
EndProject
Project("{FAE04EC0-301F-11D3-BF4B-00C04F79EFBC}") = "XDT.Service", "XDT.Service\XDT.Service.csproj", "{F60F7164-1521-4729-A9D1-340B03A02BB1}"
EndProject
Project("{FAE04EC0-301F-11D3-BF4B-00C04F79EFBC}") = "XDT.Web", "XDT.Web\XDT.Web.csproj", "{1E1E2A48-E443-488F-8C32-ECBF38DB9972}"
EndProject
Project("{FAE04EC0-301F-11D3-BF4B-00C04F79EFBC}") = "XDT.API", "XDT.API\XDT.API.csproj", "{C17C2BB1-C563-4C9F-BFE2-ED4E55DA159A}"
EndProject
Global
	GlobalSection(SolutionConfigurationPlatforms) = preSolution
		Debug|Any CPU = Debug|Any CPU
		Release|Any CPU = Release|Any CPU
	EndGlobalSection
	GlobalSection(ProjectConfigurationPlatforms) = postSolution
		{4D23925A-D119-40EF-88B8-035D164853C4}.Debug|Any CPU.ActiveCfg = Debug|Any CPU
		{4D23925A-D119-40EF-88B8-035D164853C4}.Debug|Any CPU.Build.0 = Debug|Any CPU
		{4D23925A-D119-40EF-88B8-035D164853C4}.Release|Any CPU.ActiveCfg = Release|Any CPU
		{4D23925A-D119-40EF-88B8-035D164853C4}.Release|Any CPU.Build.0 = Release|Any CPU
		{46E3A398-4D80-45A5-8689-C6C569CFB3F6}.Debug|Any CPU.ActiveCfg = Debug|Any CPU
		{46E3A398-4D80-45A5-8689-C6C569CFB3F6}.Debug|Any CPU.Build.0 = Debug|Any CPU
		{46E3A398-4D80-45A5-8689-C6C569CFB3F6}.Release|Any CPU.ActiveCfg = Release|Any CPU
		{46E3A398-4D80-45A5-8689-C6C569CFB3F6}.Release|Any CPU.Build.0 = Release|Any CPU
		{495C76FD-D842-4B91-A5B7-2BFEAF767AB8}.Debug|Any CPU.ActiveCfg = Debug|Any CPU
		{495C76FD-D842-4B91-A5B7-2BFEAF767AB8}.Debug|Any CPU.Build.0 = Debug|Any CPU
		{495C76FD-D842-4B91-A5B7-2BFEAF767AB8}.Release|Any CPU.ActiveCfg = Release|Any CPU
		{495C76FD-D842-4B91-A5B7-2BFEAF767AB8}.Release|Any CPU.Build.0 = Release|Any CPU
		{D95CEDED-084F-4114-BCDF-5FDAEEA05474}.Debug|Any CPU.ActiveCfg = Debug|Any CPU
		{D95CEDED-084F-4114-BCDF-5FDAEEA05474}.Debug|Any CPU.Build.0 = Debug|Any CPU
		{D95CEDED-084F-4114-BCDF-5FDAEEA05474}.Release|Any CPU.ActiveCfg = Release|Any CPU
		{D95CEDED-084F-4114-BCDF-5FDAEEA05474}.Release|Any CPU.Build.0 = Release|Any CPU
		{F60F7164-1521-4729-A9D1-340B03A02BB1}.Debug|Any CPU.ActiveCfg = Debug|Any CPU
		{F60F7164-1521-4729-A9D1-340B03A02BB1}.Debug|Any CPU.Build.0 = Debug|Any CPU
		{F60F7164-1521-4729-A9D1-340B03A02BB1}.Release|Any CPU.ActiveCfg = Release|Any CPU
		{F60F7164-1521-4729-A9D1-340B03A02BB1}.Release|Any CPU.Build.0 = Release|Any CPU
		{1E1E2A48-E443-488F-8C32-ECBF38DB9972}.Debug|Any CPU.ActiveCfg = Debug|Any CPU
		{1E1E2A48-E443-488F-8C32-ECBF38DB9972}.Debug|Any CPU.Build.0 = Debug|Any CPU
		{1E1E2A48-E443-488F-8C32-ECBF38DB9972}.Release|Any CPU.ActiveCfg = Release|Any CPU
		{1E1E2A48-E443-488F-8C32-ECBF38DB9972}.Release|Any CPU.Build.0 = Release|Any CPU
		{C17C2BB1-C563-4C9F-BFE2-ED4E55DA159A}.Debug|Any CPU.ActiveCfg = Debug|Any CPU
		{C17C2BB1-C563-4C9F-BFE2-ED4E55DA159A}.Debug|Any CPU.Build.0 = Debug|Any CPU
		{C17C2BB1-C563-4C9F-BFE2-ED4E55DA159A}.Release|Any CPU.ActiveCfg = Release|Any CPU
		{C17C2BB1-C563-4C9F-BFE2-ED4E55DA159A}.Release|Any CPU.Build.0 = Release|Any CPU
	EndGlobalSection
	GlobalSection(SolutionProperties) = preSolution
		HideSolutionNode = FALSE
	EndGlobalSection
EndGlobal
